-----BEGIN OPENSSH PRIVATE KEY-----
b3BlbnNzaC1rZXktdjEAAAAACmFlczI1Ni1jdHIAAAAGYmNyeXB0AAAAGAAAABD0KSUELh
g5eWDtzJKF1dkrAAAAEAAAAAEAAAGXAAAAB3NzaC1yc2EAAAADAQABAAABgQC3BLZJlVSb
flM+VDEqleGC9f2BhRRrZr1z53E6DV5cyD4nrp/2soTt34giX1S+Zc8Few1awFDFXW1g4P
DxTK0sep/zhtUzfvut2IqV2/5pdGYjDP/Mg+XqkGI97uJeT3Nrl22CQiIaURnhKL0oRosv
5sWIX5rIMe//JHQ5crdkAMRMVspOm3iehth15YRP2Kr/aWmmc1JwE+zsrTXuSt0uxp1NO/
ce1DtdOLqoFb4exmr4QNyVNr+o/x+RB/rsFaPX84dScfn3Czyp3w8W7KYlr8EuxX2SLPz8
yO8OFUNtw81G4Nszk0VXDKp8K+br2qz2uN6pkk7Qd7cv3LF/E8zcbZbU9vPP+/F4Q3k88Q
Yo3MP2nU51kAg9kJ9H+eHW0aiXPGKumFnl+i/dD97hKMOQFCACzvCSvK6tmr/p5CtAllI0
wgZNNLN1X1zJM2/AQeVy8imSjqnciIGuhaKM12rWEe6DpkatL2lH0bpttPmAD211EVKVrG
8FU0KpYm1zDrcAAAWQMzqYEZIYwMTUCZMmTo13YRNcnzPiC+/99I7bU0X5CFjS+w6YSSbT
BBT4qZfoP8uPIFVErjY/xa5Qg/Dsn7POUMjNA/pN9mQj8j/+ZKgyBxd0pEZE8SGMsNnNtl
9HJs7d+kKocYke9XSMbK4mh82T4fvqV7e/mrj326EJtaNiP0rVASX6B3/aIlMuQ2ZkFSxW
7e3AoKHTgp4YGanTx8u4p/gGsvaVBWaw2zkDARrWAoJBpbBHylGX4k0mNq8cGB2cjBclg6
ZPSTxSoNAQe/y+BVwSFQaUP4FDU5ORMXyoMd4vpmgpe6MzudF5R1qQY/6boCrteZo8inku
zCsGf+QwYH2QKA/0w7rgjwfGrTbJRw8L7iGRD5huXEH4rrvDBB4ddPpKPPWgCsapu+0Vkl
7gpk45wlbTsPid41LW4QPuJf7kqEg9bJFSf36S1Yzc+xmvb6LEtFX5XoanSvpG6iHtp0Vb
ZQGth0+AJp3Wy4K+4ZHSbeKjrHjI2Z3jF5ECgFgSURjYrZmnjZW9iQOr8DVPPnNOKwGQ7o
9HO05ufmaHAVs4q7cnzIxe3HnzSAjS6BihTPlt7+e471YYzQlxq0x/yWL7zPRLI4cQwgzm
otZ0VMb0CroJIlcSWYIuykkqwNPLlT3t+5cIGZe699UKanGEMBLCjRrTkVtxhLvE7c1qg6
KB3GAM0Y+z1pHigCFsDuWDm+YOu6Pzw9btWhcyiNIs6PKnfB/uh8Wu5y1ecySLflwVXIb/
ElBaBhnRcJWCHkqytqzTG3gPCc9CntxgZJ2koHTKzv3muFvdaDtf/kyd0GSRKaJtDd/dyK
WrmZFul0uOfuqMskMeIIDwOqhCI8oM5TptST6Xo5T5Kg5Je5dobpaXWzdxi9fsAG84V0Ip
KZhgHuAv8fNmnzxv+ZUVoAtKtQhO3IQahGv33GvUVZHv8fiOFXgkPLVJr8H8ZAaJPbbr6m
+jV8eYzY2x7G37oMVr9RfCwUyA/D9KCJLQyWSqhuz6QfVGK0WhPU/em0oUUtb1Vc5Y5QP2
7HpAag7brv+HF0FnFwRwU4b3gLezvEZEDVIWhD4vn5Rs0iuwWTXyblXff96WaJf4XExH0z
ZvI4yM+Vp0BbdZX6k4j70Z77c8Qtoo03eSzM0LBTe69Uu79T+nQFom2qO2jC75Js+W0TQ+
yS5xYt7DLpsCXJJDYZet1OtjBpi1X4JiFl/ms1kldFevZpF6Q3V8cnnGWwhRT8znw2NQ+K
ZYgGjXaytak1D8pcuRIfNKEFoFwVF/AqTpRry6yKDGrcoR/XZlbnAZE9IBZjspHuD1LNng
buOOgN2Uh+kIyUR2/pKHAzm6r7oW1Gs59xphTDuHnETfPuhqqkxYLubYPmwst4RKNIrWB8
lT+C9LsqEabk8uuEh1umnoCuNq1frI3/J3a1wyq13/+S+LsW4BFWw8f4qDFvwZLUMh47ZI
vJHPEeeipb5Hdpb2eHR0Jtq7UEMs7JgCyE5H0RRI4hToFPdxYrpn5RY7NJU9BISatb+8wc
ZpFVVJr108EzYVVaTjxDewA0z3TYc0VjgD/trNfXdM38VjgHrME4MxqePp4crVn36MLCng
2y+nKtomYE1uI5S45xpTjdpggK5JFOrHlohfzJtLtdd9L9tAPZTnmK8Ddhqj+IcD9VS7x9
rO3R5TPzNB7LKKkNMX5M0EubeM+o8D/LC1aPhNasbHDjXEsvxtvWJ77IjGLRnQwQRP2kzs
rLQHjnJzQNugrcPgi/yRGQ5YGxZ/XSM31l6/SRrNDAWjsRQ5il73iAbrZTh6mDY0GHEZmK
ND0BklK+7NLBsEoep0aMTyWD1AkVciNottr2xA2bHsrdPtPkm8dYEmzw5WRl9/rDjAi+Lu
C8cxkPnnG+fQmpeHVH2hMUs/aPU=
-----END OPENSSH PRIVATE KEY-----
